
Microsoft Visual Studio Solution File, Format Version 12.00
# Visual Studio Version 16
VisualStudioVersion = 16.0.29806.167
MinimumVisualStudioVersion = 10.0.40219.1
Project("{FAE04EC0-301F-11D3-BF4B-00C04F79EFBC}") = "DC Motor Click", "DC Motor Click.csproj", "{255E5AE4-4351-4E23-8881-AD5AFF9CC9A7}"
EndProject
Global
	GlobalSection(SolutionConfigurationPlatforms) = preSolution
		Debug|Any CPU = Debug|Any CPU
		Release|Any CPU = Release|Any CPU
	EndGlobalSection
	GlobalSection(ProjectConfigurationPlatforms) = postSolution
		{255E5AE4-4351-4E23-8881-AD5AFF9CC9A7}.Debug|Any CPU.ActiveCfg = Debug|Any CPU
		{255E5AE4-4351-4E23-8881-AD5AFF9CC9A7}.Debug|Any CPU.Build.0 = Debug|Any CPU
		{255E5AE4-4351-4E23-8881-AD5AFF9CC9A7}.Debug|Any CPU.Deploy.0 = Debug|Any CPU
		{255E5AE4-4351-4E23-8881-AD5AFF9CC9A7}.Release|Any CPU.ActiveCfg = Release|Any CPU
		{255E5AE4-4351-4E23-8881-AD5AFF9CC9A7}.Release|Any CPU.Build.0 = Release|Any CPU
		{255E5AE4-4351-4E23-8881-AD5AFF9CC9A7}.Release|Any CPU.Deploy.0 = Release|Any CPU
	EndGlobalSection
	GlobalSection(SolutionProperties) = preSolution
		HideSolutionNode = FALSE
	EndGlobalSection
	GlobalSection(ExtensibilityGlobals) = postSolution
		SolutionGuid = {AF32B450-30F2-4F14-B0E9-4C3340C176A2}
	EndGlobalSection
EndGlobal
