
Microsoft Visual Studio Solution File, Format Version 12.00
# Visual Studio Version 16
VisualStudioVersion = 16.0.29806.167
MinimumVisualStudioVersion = 10.0.40219.1
Project("{FAE04EC0-301F-11D3-BF4B-00C04F79EFBC}") = "FEZ Feather", "FEZ Feather.csproj", "{A655B54F-99F2-4997-88F5-EB5002E373CE}"
EndProject
Global
	GlobalSection(SolutionConfigurationPlatforms) = preSolution
		Debug|Any CPU = Debug|Any CPU
		Release|Any CPU = Release|Any CPU
	EndGlobalSection
	GlobalSection(ProjectConfigurationPlatforms) = postSolution
		{A655B54F-99F2-4997-88F5-EB5002E373CE}.Debug|Any CPU.ActiveCfg = Debug|Any CPU
		{A655B54F-99F2-4997-88F5-EB5002E373CE}.Debug|Any CPU.Build.0 = Debug|Any CPU
		{A655B54F-99F2-4997-88F5-EB5002E373CE}.Debug|Any CPU.Deploy.0 = Debug|Any CPU
		{A655B54F-99F2-4997-88F5-EB5002E373CE}.Release|Any CPU.ActiveCfg = Release|Any CPU
		{A655B54F-99F2-4997-88F5-EB5002E373CE}.Release|Any CPU.Build.0 = Release|Any CPU
		{A655B54F-99F2-4997-88F5-EB5002E373CE}.Release|Any CPU.Deploy.0 = Release|Any CPU
	EndGlobalSection
	GlobalSection(SolutionProperties) = preSolution
		HideSolutionNode = FALSE
	EndGlobalSection
	GlobalSection(ExtensibilityGlobals) = postSolution
		SolutionGuid = {A3BB3107-1C92-49AF-8392-FE711CF1BACB}
	EndGlobalSection
EndGlobal
