
Microsoft Visual Studio Solution File, Format Version 12.00
# Visual Studio 15
VisualStudioVersion = 15.0.28010.2016
MinimumVisualStudioVersion = 10.0.40219.1
Project("{FAE04EC0-301F-11D3-BF4B-00C04F79EFBC}") = "SparkfunArdumotoShieldKit", "SparkfunArdumotoShieldKit\SparkfunArdumotoShieldKit.csproj", "{B3667676-7AE1-4DE2-9CBF-6DBC194F49A5}"
EndProject
Global
	GlobalSection(SolutionConfigurationPlatforms) = preSolution
		Debug|Any CPU = Debug|Any CPU
		Release|Any CPU = Release|Any CPU
	EndGlobalSection
	GlobalSection(ProjectConfigurationPlatforms) = postSolution
		{B3667676-7AE1-4DE2-9CBF-6DBC194F49A5}.Debug|Any CPU.ActiveCfg = Debug|Any CPU
		{B3667676-7AE1-4DE2-9CBF-6DBC194F49A5}.Debug|Any CPU.Build.0 = Debug|Any CPU
		{B3667676-7AE1-4DE2-9CBF-6DBC194F49A5}.Debug|Any CPU.Deploy.0 = Debug|Any CPU
		{B3667676-7AE1-4DE2-9CBF-6DBC194F49A5}.Release|Any CPU.ActiveCfg = Release|Any CPU
		{B3667676-7AE1-4DE2-9CBF-6DBC194F49A5}.Release|Any CPU.Build.0 = Release|Any CPU
		{B3667676-7AE1-4DE2-9CBF-6DBC194F49A5}.Release|Any CPU.Deploy.0 = Release|Any CPU
	EndGlobalSection
	GlobalSection(SolutionProperties) = preSolution
		HideSolutionNode = FALSE
	EndGlobalSection
	GlobalSection(ExtensibilityGlobals) = postSolution
		SolutionGuid = {FDCAB877-0413-4DAB-8291-863955122787}
	EndGlobalSection
EndGlobal
