
Microsoft Visual Studio Solution File, Format Version 12.00
# Visual Studio 15
VisualStudioVersion = 15.0.28307.329
MinimumVisualStudioVersion = 10.0.40219.1
Project("{FAE04EC0-301F-11D3-BF4B-00C04F79EFBC}") = "ServoMotor", "ServoMotor.csproj", "{DC3CEAD8-5DEF-4E74-9E20-6E0D7CE51CAA}"
EndProject
Global
	GlobalSection(SolutionConfigurationPlatforms) = preSolution
		Debug|Any CPU = Debug|Any CPU
		Release|Any CPU = Release|Any CPU
	EndGlobalSection
	GlobalSection(ProjectConfigurationPlatforms) = postSolution
		{DC3CEAD8-5DEF-4E74-9E20-6E0D7CE51CAA}.Debug|Any CPU.ActiveCfg = Debug|Any CPU
		{DC3CEAD8-5DEF-4E74-9E20-6E0D7CE51CAA}.Debug|Any CPU.Build.0 = Debug|Any CPU
		{DC3CEAD8-5DEF-4E74-9E20-6E0D7CE51CAA}.Debug|Any CPU.Deploy.0 = Debug|Any CPU
		{DC3CEAD8-5DEF-4E74-9E20-6E0D7CE51CAA}.Release|Any CPU.ActiveCfg = Release|Any CPU
		{DC3CEAD8-5DEF-4E74-9E20-6E0D7CE51CAA}.Release|Any CPU.Build.0 = Release|Any CPU
		{DC3CEAD8-5DEF-4E74-9E20-6E0D7CE51CAA}.Release|Any CPU.Deploy.0 = Release|Any CPU
	EndGlobalSection
	GlobalSection(SolutionProperties) = preSolution
		HideSolutionNode = FALSE
	EndGlobalSection
	GlobalSection(ExtensibilityGlobals) = postSolution
		SolutionGuid = {6CEE956B-015D-48FC-89F1-57D7B7D15978}
	EndGlobalSection
EndGlobal
