
Microsoft Visual Studio Solution File, Format Version 12.00
# Visual Studio 15
VisualStudioVersion = 15.0.28307.271
MinimumVisualStudioVersion = 10.0.40219.1
Project("{FAE04EC0-301F-11D3-BF4B-00C04F79EFBC}") = "UD435", "UD435.csproj", "{DCC100CE-C760-4DB5-BE9F-449BA54E77E0}"
EndProject
Global
	GlobalSection(SolutionConfigurationPlatforms) = preSolution
		Debug|Any CPU = Debug|Any CPU
		Release|Any CPU = Release|Any CPU
	EndGlobalSection
	GlobalSection(ProjectConfigurationPlatforms) = postSolution
		{DCC100CE-C760-4DB5-BE9F-449BA54E77E0}.Debug|Any CPU.ActiveCfg = Debug|Any CPU
		{DCC100CE-C760-4DB5-BE9F-449BA54E77E0}.Debug|Any CPU.Build.0 = Debug|Any CPU
		{DCC100CE-C760-4DB5-BE9F-449BA54E77E0}.Debug|Any CPU.Deploy.0 = Debug|Any CPU
		{DCC100CE-C760-4DB5-BE9F-449BA54E77E0}.Release|Any CPU.ActiveCfg = Release|Any CPU
		{DCC100CE-C760-4DB5-BE9F-449BA54E77E0}.Release|Any CPU.Build.0 = Release|Any CPU
		{DCC100CE-C760-4DB5-BE9F-449BA54E77E0}.Release|Any CPU.Deploy.0 = Release|Any CPU
	EndGlobalSection
	GlobalSection(SolutionProperties) = preSolution
		HideSolutionNode = FALSE
	EndGlobalSection
	GlobalSection(ExtensibilityGlobals) = postSolution
		SolutionGuid = {6ACFCEB1-0668-4BFF-B7DD-075968E9C20A}
	EndGlobalSection
EndGlobal
