
Microsoft Visual Studio Solution File, Format Version 12.00
# Visual Studio 15
VisualStudioVersion = 15.0.28307.329
MinimumVisualStudioVersion = 10.0.40219.1
Project("{FAE04EC0-301F-11D3-BF4B-00C04F79EFBC}") = "CharacterDisplay", "CharacterDisplay.csproj", "{ADEAEB07-9A28-4D58-B54E-B076DEA86E7B}"
EndProject
Global
	GlobalSection(SolutionConfigurationPlatforms) = preSolution
		Debug|Any CPU = Debug|Any CPU
		Release|Any CPU = Release|Any CPU
	EndGlobalSection
	GlobalSection(ProjectConfigurationPlatforms) = postSolution
		{ADEAEB07-9A28-4D58-B54E-B076DEA86E7B}.Debug|Any CPU.ActiveCfg = Debug|Any CPU
		{ADEAEB07-9A28-4D58-B54E-B076DEA86E7B}.Debug|Any CPU.Build.0 = Debug|Any CPU
		{ADEAEB07-9A28-4D58-B54E-B076DEA86E7B}.Debug|Any CPU.Deploy.0 = Debug|Any CPU
		{ADEAEB07-9A28-4D58-B54E-B076DEA86E7B}.Release|Any CPU.ActiveCfg = Release|Any CPU
		{ADEAEB07-9A28-4D58-B54E-B076DEA86E7B}.Release|Any CPU.Build.0 = Release|Any CPU
		{ADEAEB07-9A28-4D58-B54E-B076DEA86E7B}.Release|Any CPU.Deploy.0 = Release|Any CPU
	EndGlobalSection
	GlobalSection(SolutionProperties) = preSolution
		HideSolutionNode = FALSE
	EndGlobalSection
	GlobalSection(ExtensibilityGlobals) = postSolution
		SolutionGuid = {A5BC411F-76ED-41F3-AAF2-D9302361153A}
	EndGlobalSection
EndGlobal
