
Microsoft Visual Studio Solution File, Format Version 12.00
# Visual Studio Version 16
VisualStudioVersion = 16.0.29409.12
MinimumVisualStudioVersion = 10.0.40219.1
Project("{FAE04EC0-301F-11D3-BF4B-00C04F79EFBC}") = "SpectrumShield", "SpectrumShield.csproj", "{39BAACC1-997F-4F72-8704-B4C9A43031F4}"
EndProject
Global
	GlobalSection(SolutionConfigurationPlatforms) = preSolution
		Debug|Any CPU = Debug|Any CPU
		Release|Any CPU = Release|Any CPU
	EndGlobalSection
	GlobalSection(ProjectConfigurationPlatforms) = postSolution
		{39BAACC1-997F-4F72-8704-B4C9A43031F4}.Debug|Any CPU.ActiveCfg = Debug|Any CPU
		{39BAACC1-997F-4F72-8704-B4C9A43031F4}.Debug|Any CPU.Build.0 = Debug|Any CPU
		{39BAACC1-997F-4F72-8704-B4C9A43031F4}.Debug|Any CPU.Deploy.0 = Debug|Any CPU
		{39BAACC1-997F-4F72-8704-B4C9A43031F4}.Release|Any CPU.ActiveCfg = Release|Any CPU
		{39BAACC1-997F-4F72-8704-B4C9A43031F4}.Release|Any CPU.Build.0 = Release|Any CPU
		{39BAACC1-997F-4F72-8704-B4C9A43031F4}.Release|Any CPU.Deploy.0 = Release|Any CPU
	EndGlobalSection
	GlobalSection(SolutionProperties) = preSolution
		HideSolutionNode = FALSE
	EndGlobalSection
	GlobalSection(ExtensibilityGlobals) = postSolution
		SolutionGuid = {D043DFD9-EADE-47A6-AEA2-BD9237B2028E}
	EndGlobalSection
EndGlobal
