
Microsoft Visual Studio Solution File, Format Version 12.00
# Visual Studio Version 16
VisualStudioVersion = 16.0.29806.167
MinimumVisualStudioVersion = 10.0.40219.1
Project("{FAE04EC0-301F-11D3-BF4B-00C04F79EFBC}") = "Click_7x10R", "Click_7x10R.csproj", "{760B6F17-805E-4E4C-ACFD-F65B4335F136}"
EndProject
Global
	GlobalSection(SolutionConfigurationPlatforms) = preSolution
		Debug|Any CPU = Debug|Any CPU
		Release|Any CPU = Release|Any CPU
	EndGlobalSection
	GlobalSection(ProjectConfigurationPlatforms) = postSolution
		{760B6F17-805E-4E4C-ACFD-F65B4335F136}.Debug|Any CPU.ActiveCfg = Debug|Any CPU
		{760B6F17-805E-4E4C-ACFD-F65B4335F136}.Debug|Any CPU.Build.0 = Debug|Any CPU
		{760B6F17-805E-4E4C-ACFD-F65B4335F136}.Debug|Any CPU.Deploy.0 = Debug|Any CPU
		{760B6F17-805E-4E4C-ACFD-F65B4335F136}.Release|Any CPU.ActiveCfg = Release|Any CPU
		{760B6F17-805E-4E4C-ACFD-F65B4335F136}.Release|Any CPU.Build.0 = Release|Any CPU
		{760B6F17-805E-4E4C-ACFD-F65B4335F136}.Release|Any CPU.Deploy.0 = Release|Any CPU
	EndGlobalSection
	GlobalSection(SolutionProperties) = preSolution
		HideSolutionNode = FALSE
	EndGlobalSection
	GlobalSection(ExtensibilityGlobals) = postSolution
		SolutionGuid = {7B5D1DB5-8962-4DC7-A376-B0B4712D55ED}
	EndGlobalSection
EndGlobal
