
Microsoft Visual Studio Solution File, Format Version 12.00
# Visual Studio Version 16
VisualStudioVersion = 16.0.31624.102
MinimumVisualStudioVersion = 10.0.40219.1
Project("{FAE04EC0-301F-11D3-BF4B-00C04F79EFBC}") = "MemoryManager", "MemoryManager.csproj", "{2F8637E4-D64F-4EA1-B6A1-F93088280A67}"
EndProject
Global
	GlobalSection(SolutionConfigurationPlatforms) = preSolution
		Debug|Any CPU = Debug|Any CPU
		Release|Any CPU = Release|Any CPU
	EndGlobalSection
	GlobalSection(ProjectConfigurationPlatforms) = postSolution
		{2F8637E4-D64F-4EA1-B6A1-F93088280A67}.Debug|Any CPU.ActiveCfg = Debug|Any CPU
		{2F8637E4-D64F-4EA1-B6A1-F93088280A67}.Debug|Any CPU.Build.0 = Debug|Any CPU
		{2F8637E4-D64F-4EA1-B6A1-F93088280A67}.Debug|Any CPU.Deploy.0 = Debug|Any CPU
		{2F8637E4-D64F-4EA1-B6A1-F93088280A67}.Release|Any CPU.ActiveCfg = Release|Any CPU
		{2F8637E4-D64F-4EA1-B6A1-F93088280A67}.Release|Any CPU.Build.0 = Release|Any CPU
		{2F8637E4-D64F-4EA1-B6A1-F93088280A67}.Release|Any CPU.Deploy.0 = Release|Any CPU
	EndGlobalSection
	GlobalSection(SolutionProperties) = preSolution
		HideSolutionNode = FALSE
	EndGlobalSection
	GlobalSection(ExtensibilityGlobals) = postSolution
		SolutionGuid = {D82A7AC9-3B46-47A8-86E9-8C18FC655172}
	EndGlobalSection
EndGlobal
