
Microsoft Visual Studio Solution File, Format Version 12.00
# Visual Studio Version 16
VisualStudioVersion = 16.0.30225.117
MinimumVisualStudioVersion = 10.0.40219.1
Project("{FAE04EC0-301F-11D3-BF4B-00C04F79EFBC}") = "Demos", "Demos.csproj", "{DCF54F14-547E-400B-83B5-CCB90F302EDE}"
EndProject
Global
	GlobalSection(SolutionConfigurationPlatforms) = preSolution
		Debug|Any CPU = Debug|Any CPU
		Release|Any CPU = Release|Any CPU
	EndGlobalSection
	GlobalSection(ProjectConfigurationPlatforms) = postSolution
		{DCF54F14-547E-400B-83B5-CCB90F302EDE}.Debug|Any CPU.ActiveCfg = Debug|Any CPU
		{DCF54F14-547E-400B-83B5-CCB90F302EDE}.Debug|Any CPU.Build.0 = Debug|Any CPU
		{DCF54F14-547E-400B-83B5-CCB90F302EDE}.Debug|Any CPU.Deploy.0 = Debug|Any CPU
		{DCF54F14-547E-400B-83B5-CCB90F302EDE}.Release|Any CPU.ActiveCfg = Release|Any CPU
		{DCF54F14-547E-400B-83B5-CCB90F302EDE}.Release|Any CPU.Build.0 = Release|Any CPU
		{DCF54F14-547E-400B-83B5-CCB90F302EDE}.Release|Any CPU.Deploy.0 = Release|Any CPU
	EndGlobalSection
	GlobalSection(SolutionProperties) = preSolution
		HideSolutionNode = FALSE
	EndGlobalSection
	GlobalSection(ExtensibilityGlobals) = postSolution
		SolutionGuid = {162F36FB-DB75-4B7B-BC1F-48DCAE9AC921}
	EndGlobalSection
EndGlobal
