
Microsoft Visual Studio Solution File, Format Version 12.00
# Visual Studio Version 16
VisualStudioVersion = 16.0.29418.71
MinimumVisualStudioVersion = 10.0.40219.1
Project("{FAE04EC0-301F-11D3-BF4B-00C04F79EFBC}") = "Radio Click", "Radio Click\Radio Click.csproj", "{31A3F6C6-1104-47B2-B03B-4D63429ACFDD}"
EndProject
Global
	GlobalSection(SolutionConfigurationPlatforms) = preSolution
		Debug|Any CPU = Debug|Any CPU
		Release|Any CPU = Release|Any CPU
	EndGlobalSection
	GlobalSection(ProjectConfigurationPlatforms) = postSolution
		{31A3F6C6-1104-47B2-B03B-4D63429ACFDD}.Debug|Any CPU.ActiveCfg = Debug|Any CPU
		{31A3F6C6-1104-47B2-B03B-4D63429ACFDD}.Debug|Any CPU.Build.0 = Debug|Any CPU
		{31A3F6C6-1104-47B2-B03B-4D63429ACFDD}.Debug|Any CPU.Deploy.0 = Debug|Any CPU
		{31A3F6C6-1104-47B2-B03B-4D63429ACFDD}.Release|Any CPU.ActiveCfg = Release|Any CPU
		{31A3F6C6-1104-47B2-B03B-4D63429ACFDD}.Release|Any CPU.Build.0 = Release|Any CPU
		{31A3F6C6-1104-47B2-B03B-4D63429ACFDD}.Release|Any CPU.Deploy.0 = Release|Any CPU
	EndGlobalSection
	GlobalSection(SolutionProperties) = preSolution
		HideSolutionNode = FALSE
	EndGlobalSection
	GlobalSection(ExtensibilityGlobals) = postSolution
		SolutionGuid = {78879F1E-1B2D-42B0-A722-44ED5B75024E}
	EndGlobalSection
EndGlobal
